
Microsoft Visual Studio Solution File, Format Version 12.00
# Visual Studio 14
VisualStudioVersion = 14.0.25123.0
MinimumVisualStudioVersion = 10.0.40219.1
Project("{FAE04EC0-301F-11D3-BF4B-00C04F79EFBC}") = "Demo2.CoinFlipBot", "Demo2.CoinFlipBot\Demo2.CoinFlipBot.csproj", "{A8BA1066-5695-4D71-ABB4-65E5A5E0C3D4}"
EndProject
Project("{FAE04EC0-301F-11D3-BF4B-00C04F79EFBC}") = "Demo3.TimeOffBot", "Demo3.TimeOffBot\Demo3.TimeOffBot.csproj", "{F2E17852-4153-4069-A809-8F8256B7CA51}"
EndProject
Project("{FAE04EC0-301F-11D3-BF4B-00C04F79EFBC}") = "Demo4.BenefitBot", "Demo4.BenefitBot\Demo4.BenefitBot.csproj", "{4949105F-3E74-4602-975F-CCCFB4DC6A2D}"
EndProject
Project("{FAE04EC0-301F-11D3-BF4B-00C04F79EFBC}") = "Demo1.SimpleBot", "Demo1.SimpleBot\Demo1.SimpleBot.csproj", "{0FE7332B-1BDE-4E72-901D-C9B0B1E65FCC}"
EndProject
Global
	GlobalSection(SolutionConfigurationPlatforms) = preSolution
		Debug|Any CPU = Debug|Any CPU
		Release|Any CPU = Release|Any CPU
	EndGlobalSection
	GlobalSection(ProjectConfigurationPlatforms) = postSolution
		{A8BA1066-5695-4D71-ABB4-65E5A5E0C3D4}.Debug|Any CPU.ActiveCfg = Debug|Any CPU
		{A8BA1066-5695-4D71-ABB4-65E5A5E0C3D4}.Debug|Any CPU.Build.0 = Debug|Any CPU
		{A8BA1066-5695-4D71-ABB4-65E5A5E0C3D4}.Release|Any CPU.ActiveCfg = Release|Any CPU
		{A8BA1066-5695-4D71-ABB4-65E5A5E0C3D4}.Release|Any CPU.Build.0 = Release|Any CPU
		{F2E17852-4153-4069-A809-8F8256B7CA51}.Debug|Any CPU.ActiveCfg = Debug|Any CPU
		{F2E17852-4153-4069-A809-8F8256B7CA51}.Debug|Any CPU.Build.0 = Debug|Any CPU
		{F2E17852-4153-4069-A809-8F8256B7CA51}.Release|Any CPU.ActiveCfg = Release|Any CPU
		{F2E17852-4153-4069-A809-8F8256B7CA51}.Release|Any CPU.Build.0 = Release|Any CPU
		{4949105F-3E74-4602-975F-CCCFB4DC6A2D}.Debug|Any CPU.ActiveCfg = Debug|Any CPU
		{4949105F-3E74-4602-975F-CCCFB4DC6A2D}.Debug|Any CPU.Build.0 = Debug|Any CPU
		{4949105F-3E74-4602-975F-CCCFB4DC6A2D}.Release|Any CPU.ActiveCfg = Release|Any CPU
		{4949105F-3E74-4602-975F-CCCFB4DC6A2D}.Release|Any CPU.Build.0 = Release|Any CPU
		{0FE7332B-1BDE-4E72-901D-C9B0B1E65FCC}.Debug|Any CPU.ActiveCfg = Debug|Any CPU
		{0FE7332B-1BDE-4E72-901D-C9B0B1E65FCC}.Debug|Any CPU.Build.0 = Debug|Any CPU
		{0FE7332B-1BDE-4E72-901D-C9B0B1E65FCC}.Release|Any CPU.ActiveCfg = Release|Any CPU
		{0FE7332B-1BDE-4E72-901D-C9B0B1E65FCC}.Release|Any CPU.Build.0 = Release|Any CPU
	EndGlobalSection
	GlobalSection(SolutionProperties) = preSolution
		HideSolutionNode = FALSE
	EndGlobalSection
EndGlobal
